// !$*UTF8*$!
{
	archiveVersion = 1;
	classes = {
	};
	objectVersion = 51;
	objects = {

/* Begin PBXBuildFile section */
		190728BBE4CCDB2772B5B2FA /* Pods_uEAT_Manager.framework in Frameworks */ = {isa = PBXBuildFile; fileRef = 4789DE02EF3366FF783A8FD4 /* Pods_uEAT_Manager.framework */; };
		6A1FECF0235DA2D900198533 /* AppDelegate.swift in Sources */ = {isa = PBXBuildFile; fileRef = 6A1FECEF235DA2D900198533 /* AppDelegate.swift */; };
		6A1FECF2235DA2D900198533 /* SceneDelegate.swift in Sources */ = {isa = PBXBuildFile; fileRef = 6A1FECF1235DA2D900198533 /* SceneDelegate.swift */; };
		6A1FECF4235DA2D900198533 /* startVC.swift in Sources */ = {isa = PBXBuildFile; fileRef = 6A1FECF3235DA2D900198533 /* startVC.swift */; };
		6A1FECF7235DA2D900198533 /* Main.storyboard in Resources */ = {isa = PBXBuildFile; fileRef = 6A1FECF5235DA2D900198533 /* Main.storyboard */; };
		6A1FECF9235DA2DB00198533 /* Assets.xcassets in Resources */ = {isa = PBXBuildFile; fileRef = 6A1FECF8235DA2DB00198533 /* Assets.xcassets */; };
		6A1FECFC235DA2DB00198533 /* LaunchScreen.storyboard in Resources */ = {isa = PBXBuildFile; fileRef = 6A1FECFA235DA2DB00198533 /* LaunchScreen.storyboard */; };
		6A1FED07235DA2DC00198533 /* uEAT_ManagerTests.swift in Sources */ = {isa = PBXBuildFile; fileRef = 6A1FED06235DA2DC00198533 /* uEAT_ManagerTests.swift */; };
		6A1FED12235DA2DC00198533 /* uEAT_ManagerUITests.swift in Sources */ = {isa = PBXBuildFile; fileRef = 6A1FED11235DA2DC00198533 /* uEAT_ManagerUITests.swift */; };
		6A8F0FD22383C378003E87BE /* GoogleService-Info.plist in Resources */ = {isa = PBXBuildFile; fileRef = 6A8F0FD12383C378003E87BE /* GoogleService-Info.plist */; };
		6A8F0FDE23862FC4003E87BE /* avatarImgRendered.swift in Sources */ = {isa = PBXBuildFile; fileRef = 6A8F0FDD23862FC4003E87BE /* avatarImgRendered.swift */; };
		6A8F0FE023862FC9003E87BE /* borderAvatarView.swift in Sources */ = {isa = PBXBuildFile; fileRef = 6A8F0FDF23862FC9003E87BE /* borderAvatarView.swift */; };
		6A8F0FE223862FCD003E87BE /* circleView.swift in Sources */ = {isa = PBXBuildFile; fileRef = 6A8F0FE123862FCD003E87BE /* circleView.swift */; };
		6A8F0FE423862FD3003E87BE /* Color.swift in Sources */ = {isa = PBXBuildFile; fileRef = 6A8F0FE323862FD3003E87BE /* Color.swift */; };
		6A8F0FE623862FD7003E87BE /* CommentTxtView.swift in Sources */ = {isa = PBXBuildFile; fileRef = 6A8F0FE523862FD7003E87BE /* CommentTxtView.swift */; };
		6A8F0FE823862FDB003E87BE /* CustomLabel.swift in Sources */ = {isa = PBXBuildFile; fileRef = 6A8F0FE723862FDB003E87BE /* CustomLabel.swift */; };
		6A8F0FEA23862FDF003E87BE /* defaultCardView.swift in Sources */ = {isa = PBXBuildFile; fileRef = 6A8F0FE923862FDF003E87BE /* defaultCardView.swift */; };
		6A8F0FEC23862FE3003E87BE /* fancyBtn.swift in Sources */ = {isa = PBXBuildFile; fileRef = 6A8F0FEB23862FE3003E87BE /* fancyBtn.swift */; };
		6A8F0FEE23862FE6003E87BE /* modifiedChooseCarView.swift in Sources */ = {isa = PBXBuildFile; fileRef = 6A8F0FED23862FE6003E87BE /* modifiedChooseCarView.swift */; };
		6A8F0FF023862FEA003E87BE /* ModifiedSearchBar.swift in Sources */ = {isa = PBXBuildFile; fileRef = 6A8F0FEF23862FEA003E87BE /* ModifiedSearchBar.swift */; };
		6A8F0FF223862FEE003E87BE /* modTxtField.swift in Sources */ = {isa = PBXBuildFile; fileRef = 6A8F0FF123862FEE003E87BE /* modTxtField.swift */; };
		6A8F0FF423862FF2003E87BE /* ProfileView.swift in Sources */ = {isa = PBXBuildFile; fileRef = 6A8F0FF323862FF2003E87BE /* ProfileView.swift */; };
		6A8F0FF623862FF5003E87BE /* RoundedLabel.swift in Sources */ = {isa = PBXBuildFile; fileRef = 6A8F0FF523862FF5003E87BE /* RoundedLabel.swift */; };
		6A8F0FF823862FF9003E87BE /* windowInfo.swift in Sources */ = {isa = PBXBuildFile; fileRef = 6A8F0FF723862FF9003E87BE /* windowInfo.swift */; };
		6A8F0FFA23863009003E87BE /* SwiftLoader.swift in Sources */ = {isa = PBXBuildFile; fileRef = 6A8F0FF923863009003E87BE /* SwiftLoader.swift */; };
		6A8F0FFC2386301A003E87BE /* Constant.swift in Sources */ = {isa = PBXBuildFile; fileRef = 6A8F0FFB2386301A003E87BE /* Constant.swift */; };
		6A8F10002387897F003E87BE /* SignUp1VC.swift in Sources */ = {isa = PBXBuildFile; fileRef = 6A8F0FFF2387897F003E87BE /* SignUp1VC.swift */; };
		6A8F10032387C5B5003E87BE /* customizedMap.json in Resources */ = {isa = PBXBuildFile; fileRef = 6A8F10022387C5B5003E87BE /* customizedMap.json */; };
		6A8F10052387CBCC003E87BE /* SignUp3VC.swift in Sources */ = {isa = PBXBuildFile; fileRef = 6A8F10042387CBCC003E87BE /* SignUp3VC.swift */; };
		6A8F1007238909DA003E87BE /* SignUp2VC.swift in Sources */ = {isa = PBXBuildFile; fileRef = 6A8F1006238909DA003E87BE /* SignUp2VC.swift */; };
		6A8F100B23890E89003E87BE /* Cuisine_model.swift in Sources */ = {isa = PBXBuildFile; fileRef = 6A8F100A23890E89003E87BE /* Cuisine_model.swift */; };
		6A8F100D23890EB5003E87BE /* cuisineCell.swift in Sources */ = {isa = PBXBuildFile; fileRef = 6A8F100C23890EB5003E87BE /* cuisineCell.swift */; };
		6A8F101023890F50003E87BE /* DataService.swift in Sources */ = {isa = PBXBuildFile; fileRef = 6A8F100F23890F50003E87BE /* DataService.swift */; };
		6A8F1013238A25D7003E87BE /* SignInVC.swift in Sources */ = {isa = PBXBuildFile; fileRef = 6A8F1012238A25D7003E87BE /* SignInVC.swift */; };
		6A8F1015238B4792003E87BE /* TwoFactorAuthenticationVC.swift in Sources */ = {isa = PBXBuildFile; fileRef = 6A8F1014238B4792003E87BE /* TwoFactorAuthenticationVC.swift */; };
		6A8F1018238B6699003E87BE /* CreateMenuVC.swift in Sources */ = {isa = PBXBuildFile; fileRef = 6A8F1017238B6699003E87BE /* CreateMenuVC.swift */; };
		6A8F101B238B6C40003E87BE /* addNewItemCell.swift in Sources */ = {isa = PBXBuildFile; fileRef = 6A8F101A238B6C40003E87BE /* addNewItemCell.swift */; };
		6A8F101E238B6D24003E87BE /* ItemCell.swift in Sources */ = {isa = PBXBuildFile; fileRef = 6A8F101D238B6D24003E87BE /* ItemCell.swift */; };
		6A8F1020238BB677003E87BE /* DetailVC.swift in Sources */ = {isa = PBXBuildFile; fileRef = 6A8F101F238BB677003E87BE /* DetailVC.swift */; };
		C4E772CA0668E3E8135C5431 /* Pods_uEAT_Manager_uEAT_ManagerUITests.framework in Frameworks */ = {isa = PBXBuildFile; fileRef = 1C38AA121B042926C4733A20 /* Pods_uEAT_Manager_uEAT_ManagerUITests.framework */; };
		EEC87903AE9F2C09D6773A75 /* Pods_uEAT_ManagerTests.framework in Frameworks */ = {isa = PBXBuildFile; fileRef = 6F479E9B8470635B04F15C67 /* Pods_uEAT_ManagerTests.framework */; };
/* End PBXBuildFile section */

/* Begin PBXContainerItemProxy section */
		6A1FED03235DA2DC00198533 /* PBXContainerItemProxy */ = {
			isa = PBXContainerItemProxy;
			containerPortal = 6A1FECE4235DA2D900198533 /* Project object */;
			proxyType = 1;
			remoteGlobalIDString = 6A1FECEB235DA2D900198533;
			remoteInfo = "uEAT Manager";
		};
		6A1FED0E235DA2DC00198533 /* PBXContainerItemProxy */ = {
			isa = PBXContainerItemProxy;
			containerPortal = 6A1FECE4235DA2D900198533 /* Project object */;
			proxyType = 1;
			remoteGlobalIDString = 6A1FECEB235DA2D900198533;
			remoteInfo = "uEAT Manager";
		};
/* End PBXContainerItemProxy section */

/* Begin PBXFileReference section */
		16123025A67D88CD877D1072 /* Pods-uEAT Manager.release.xcconfig */ = {isa = PBXFileReference; includeInIndex = 1; lastKnownFileType = text.xcconfig; name = "Pods-uEAT Manager.release.xcconfig"; path = "Target Support Files/Pods-uEAT Manager/Pods-uEAT Manager.release.xcconfig"; sourceTree = "<group>"; };
		1C38AA121B042926C4733A20 /* Pods_uEAT_Manager_uEAT_ManagerUITests.framework */ = {isa = PBXFileReference; explicitFileType = wrapper.framework; includeInIndex = 0; path = Pods_uEAT_Manager_uEAT_ManagerUITests.framework; sourceTree = BUILT_PRODUCTS_DIR; };
		3FEF1EE9C791E3D9ADC6AEEA /* Pods-uEAT Manager-uEAT ManagerUITests.debug.xcconfig */ = {isa = PBXFileReference; includeInIndex = 1; lastKnownFileType = text.xcconfig; name = "Pods-uEAT Manager-uEAT ManagerUITests.debug.xcconfig"; path = "Target Support Files/Pods-uEAT Manager-uEAT ManagerUITests/Pods-uEAT Manager-uEAT ManagerUITests.debug.xcconfig"; sourceTree = "<group>"; };
		4789DE02EF3366FF783A8FD4 /* Pods_uEAT_Manager.framework */ = {isa = PBXFileReference; explicitFileType = wrapper.framework; includeInIndex = 0; path = Pods_uEAT_Manager.framework; sourceTree = BUILT_PRODUCTS_DIR; };
		59AF29B07758F662C5057473 /* Pods-uEAT Manager-uEAT ManagerUITests.release.xcconfig */ = {isa = PBXFileReference; includeInIndex = 1; lastKnownFileType = text.xcconfig; name = "Pods-uEAT Manager-uEAT ManagerUITests.release.xcconfig"; path = "Target Support Files/Pods-uEAT Manager-uEAT ManagerUITests/Pods-uEAT Manager-uEAT ManagerUITests.release.xcconfig"; sourceTree = "<group>"; };
		6A1FECEC235DA2D900198533 /* uEAT Manager.app */ = {isa = PBXFileReference; explicitFileType = wrapper.application; includeInIndex = 0; path = "uEAT Manager.app"; sourceTree = BUILT_PRODUCTS_DIR; };
		6A1FECEF235DA2D900198533 /* AppDelegate.swift */ = {isa = PBXFileReference; lastKnownFileType = sourcecode.swift; path = AppDelegate.swift; sourceTree = "<group>"; };
		6A1FECF1235DA2D900198533 /* SceneDelegate.swift */ = {isa = PBXFileReference; lastKnownFileType = sourcecode.swift; path = SceneDelegate.swift; sourceTree = "<group>"; };
		6A1FECF3235DA2D900198533 /* startVC.swift */ = {isa = PBXFileReference; lastKnownFileType = sourcecode.swift; path = startVC.swift; sourceTree = "<group>"; };
		6A1FECF6235DA2D900198533 /* Base */ = {isa = PBXFileReference; lastKnownFileType = file.storyboard; name = Base; path = Base.lproj/Main.storyboard; sourceTree = "<group>"; };
		6A1FECF8235DA2DB00198533 /* Assets.xcassets */ = {isa = PBXFileReference; lastKnownFileType = folder.assetcatalog; path = Assets.xcassets; sourceTree = "<group>"; };
		6A1FECFB235DA2DB00198533 /* Base */ = {isa = PBXFileReference; lastKnownFileType = file.storyboard; name = Base; path = Base.lproj/LaunchScreen.storyboard; sourceTree = "<group>"; };
		6A1FECFD235DA2DB00198533 /* Info.plist */ = {isa = PBXFileReference; lastKnownFileType = text.plist.xml; path = Info.plist; sourceTree = "<group>"; };
		6A1FED02235DA2DC00198533 /* uEAT ManagerTests.xctest */ = {isa = PBXFileReference; explicitFileType = wrapper.cfbundle; includeInIndex = 0; path = "uEAT ManagerTests.xctest"; sourceTree = BUILT_PRODUCTS_DIR; };
		6A1FED06235DA2DC00198533 /* uEAT_ManagerTests.swift */ = {isa = PBXFileReference; lastKnownFileType = sourcecode.swift; path = uEAT_ManagerTests.swift; sourceTree = "<group>"; };
		6A1FED08235DA2DC00198533 /* Info.plist */ = {isa = PBXFileReference; lastKnownFileType = text.plist.xml; path = Info.plist; sourceTree = "<group>"; };
		6A1FED0D235DA2DC00198533 /* uEAT ManagerUITests.xctest */ = {isa = PBXFileReference; explicitFileType = wrapper.cfbundle; includeInIndex = 0; path = "uEAT ManagerUITests.xctest"; sourceTree = BUILT_PRODUCTS_DIR; };
		6A1FED11235DA2DC00198533 /* uEAT_ManagerUITests.swift */ = {isa = PBXFileReference; lastKnownFileType = sourcecode.swift; path = uEAT_ManagerUITests.swift; sourceTree = "<group>"; };
		6A1FED13235DA2DC00198533 /* Info.plist */ = {isa = PBXFileReference; lastKnownFileType = text.plist.xml; path = Info.plist; sourceTree = "<group>"; };
		6A8F0FD12383C378003E87BE /* GoogleService-Info.plist */ = {isa = PBXFileReference; fileEncoding = 4; lastKnownFileType = text.plist.xml; path = "GoogleService-Info.plist"; sourceTree = "<group>"; };
		6A8F0FDD23862FC4003E87BE /* avatarImgRendered.swift */ = {isa = PBXFileReference; fileEncoding = 4; lastKnownFileType = sourcecode.swift; path = avatarImgRendered.swift; sourceTree = "<group>"; };
		6A8F0FDF23862FC9003E87BE /* borderAvatarView.swift */ = {isa = PBXFileReference; fileEncoding = 4; lastKnownFileType = sourcecode.swift; path = borderAvatarView.swift; sourceTree = "<group>"; };
		6A8F0FE123862FCD003E87BE /* circleView.swift */ = {isa = PBXFileReference; fileEncoding = 4; lastKnownFileType = sourcecode.swift; path = circleView.swift; sourceTree = "<group>"; };
		6A8F0FE323862FD3003E87BE /* Color.swift */ = {isa = PBXFileReference; fileEncoding = 4; lastKnownFileType = sourcecode.swift; path = Color.swift; sourceTree = "<group>"; };
		6A8F0FE523862FD7003E87BE /* CommentTxtView.swift */ = {isa = PBXFileReference; fileEncoding = 4; lastKnownFileType = sourcecode.swift; path = CommentTxtView.swift; sourceTree = "<group>"; };
		6A8F0FE723862FDB003E87BE /* CustomLabel.swift */ = {isa = PBXFileReference; fileEncoding = 4; lastKnownFileType = sourcecode.swift; path = CustomLabel.swift; sourceTree = "<group>"; };
		6A8F0FE923862FDF003E87BE /* defaultCardView.swift */ = {isa = PBXFileReference; fileEncoding = 4; lastKnownFileType = sourcecode.swift; path = defaultCardView.swift; sourceTree = "<group>"; };
		6A8F0FEB23862FE3003E87BE /* fancyBtn.swift */ = {isa = PBXFileReference; fileEncoding = 4; lastKnownFileType = sourcecode.swift; path = fancyBtn.swift; sourceTree = "<group>"; };
		6A8F0FED23862FE6003E87BE /* modifiedChooseCarView.swift */ = {isa = PBXFileReference; fileEncoding = 4; lastKnownFileType = sourcecode.swift; path = modifiedChooseCarView.swift; sourceTree = "<group>"; };
		6A8F0FEF23862FEA003E87BE /* ModifiedSearchBar.swift */ = {isa = PBXFileReference; fileEncoding = 4; lastKnownFileType = sourcecode.swift; path = ModifiedSearchBar.swift; sourceTree = "<group>"; };
		6A8F0FF123862FEE003E87BE /* modTxtField.swift */ = {isa = PBXFileReference; fileEncoding = 4; lastKnownFileType = sourcecode.swift; path = modTxtField.swift; sourceTree = "<group>"; };
		6A8F0FF323862FF2003E87BE /* ProfileView.swift */ = {isa = PBXFileReference; fileEncoding = 4; lastKnownFileType = sourcecode.swift; path = ProfileView.swift; sourceTree = "<group>"; };
		6A8F0FF523862FF5003E87BE /* RoundedLabel.swift */ = {isa = PBXFileReference; fileEncoding = 4; lastKnownFileType = sourcecode.swift; path = RoundedLabel.swift; sourceTree = "<group>"; };
		6A8F0FF723862FF9003E87BE /* windowInfo.swift */ = {isa = PBXFileReference; fileEncoding = 4; lastKnownFileType = sourcecode.swift; path = windowInfo.swift; sourceTree = "<group>"; };
		6A8F0FF923863009003E87BE /* SwiftLoader.swift */ = {isa = PBXFileReference; fileEncoding = 4; lastKnownFileType = sourcecode.swift; path = SwiftLoader.swift; sourceTree = "<group>"; };
		6A8F0FFB2386301A003E87BE /* Constant.swift */ = {isa = PBXFileReference; fileEncoding = 4; lastKnownFileType = sourcecode.swift; path = Constant.swift; sourceTree = "<group>"; };
		6A8F0FFF2387897F003E87BE /* SignUp1VC.swift */ = {isa = PBXFileReference; lastKnownFileType = sourcecode.swift; path = SignUp1VC.swift; sourceTree = "<group>"; };
		6A8F10022387C5B5003E87BE /* customizedMap.json */ = {isa = PBXFileReference; fileEncoding = 4; lastKnownFileType = text.json; path = customizedMap.json; sourceTree = "<group>"; };
		6A8F10042387CBCC003E87BE /* SignUp3VC.swift */ = {isa = PBXFileReference; lastKnownFileType = sourcecode.swift; path = SignUp3VC.swift; sourceTree = "<group>"; };
		6A8F1006238909DA003E87BE /* SignUp2VC.swift */ = {isa = PBXFileReference; lastKnownFileType = sourcecode.swift; path = SignUp2VC.swift; sourceTree = "<group>"; };
		6A8F100A23890E89003E87BE /* Cuisine_model.swift */ = {isa = PBXFileReference; lastKnownFileType = sourcecode.swift; path = Cuisine_model.swift; sourceTree = "<group>"; };
		6A8F100C23890EB5003E87BE /* cuisineCell.swift */ = {isa = PBXFileReference; lastKnownFileType = sourcecode.swift; path = cuisineCell.swift; sourceTree = "<group>"; };
		6A8F100F23890F50003E87BE /* DataService.swift */ = {isa = PBXFileReference; lastKnownFileType = sourcecode.swift; path = DataService.swift; sourceTree = "<group>"; };
		6A8F1012238A25D7003E87BE /* SignInVC.swift */ = {isa = PBXFileReference; lastKnownFileType = sourcecode.swift; path = SignInVC.swift; sourceTree = "<group>"; };
		6A8F1014238B4792003E87BE /* TwoFactorAuthenticationVC.swift */ = {isa = PBXFileReference; lastKnownFileType = sourcecode.swift; path = TwoFactorAuthenticationVC.swift; sourceTree = "<group>"; };
		6A8F1017238B6699003E87BE /* CreateMenuVC.swift */ = {isa = PBXFileReference; lastKnownFileType = sourcecode.swift; path = CreateMenuVC.swift; sourceTree = "<group>"; };
		6A8F101A238B6C40003E87BE /* addNewItemCell.swift */ = {isa = PBXFileReference; lastKnownFileType = sourcecode.swift; path = addNewItemCell.swift; sourceTree = "<group>"; };
		6A8F101D238B6D24003E87BE /* ItemCell.swift */ = {isa = PBXFileReference; lastKnownFileType = sourcecode.swift; path = ItemCell.swift; sourceTree = "<group>"; };
		6A8F101F238BB677003E87BE /* DetailVC.swift */ = {isa = PBXFileReference; lastKnownFileType = sourcecode.swift; path = DetailVC.swift; sourceTree = "<group>"; };
		6F479E9B8470635B04F15C67 /* Pods_uEAT_ManagerTests.framework */ = {isa = PBXFileReference; explicitFileType = wrapper.framework; includeInIndex = 0; path = Pods_uEAT_ManagerTests.framework; sourceTree = BUILT_PRODUCTS_DIR; };
		830E73038B60C68A6731F738 /* Pods-uEAT Manager.debug.xcconfig */ = {isa = PBXFileReference; includeInIndex = 1; lastKnownFileType = text.xcconfig; name = "Pods-uEAT Manager.debug.xcconfig"; path = "Target Support Files/Pods-uEAT Manager/Pods-uEAT Manager.debug.xcconfig"; sourceTree = "<group>"; };
		BBF6474B8FFCBB5884249984 /* Pods-uEAT ManagerTests.debug.xcconfig */ = {isa = PBXFileReference; includeInIndex = 1; lastKnownFileType = text.xcconfig; name = "Pods-uEAT ManagerTests.debug.xcconfig"; path = "Target Support Files/Pods-uEAT ManagerTests/Pods-uEAT ManagerTests.debug.xcconfig"; sourceTree = "<group>"; };
		C0597FBCBBB13BB68EDC659B /* Pods-uEAT ManagerTests.release.xcconfig */ = {isa = PBXFileReference; includeInIndex = 1; lastKnownFileType = text.xcconfig; name = "Pods-uEAT ManagerTests.release.xcconfig"; path = "Target Support Files/Pods-uEAT ManagerTests/Pods-uEAT ManagerTests.release.xcconfig"; sourceTree = "<group>"; };
/* End PBXFileReference section */

/* Begin PBXFrameworksBuildPhase section */
		6A1FECE9235DA2D900198533 /* Frameworks */ = {
			isa = PBXFrameworksBuildPhase;
			buildActionMask = 2147483647;
			files = (
				190728BBE4CCDB2772B5B2FA /* Pods_uEAT_Manager.framework in Frameworks */,
			);
			runOnlyForDeploymentPostprocessing = 0;
		};
		6A1FECFF235DA2DC00198533 /* Frameworks */ = {
			isa = PBXFrameworksBuildPhase;
			buildActionMask = 2147483647;
			files = (
				EEC87903AE9F2C09D6773A75 /* Pods_uEAT_ManagerTests.framework in Frameworks */,
			);
			runOnlyForDeploymentPostprocessing = 0;
		};
		6A1FED0A235DA2DC00198533 /* Frameworks */ = {
			isa = PBXFrameworksBuildPhase;
			buildActionMask = 2147483647;
			files = (
				C4E772CA0668E3E8135C5431 /* Pods_uEAT_Manager_uEAT_ManagerUITests.framework in Frameworks */,
			);
			runOnlyForDeploymentPostprocessing = 0;
		};
/* End PBXFrameworksBuildPhase section */

/* Begin PBXGroup section */
		6A1FECE3235DA2D900198533 = {
			isa = PBXGroup;
			children = (
				6A1FECEE235DA2D900198533 /* uEAT Manager */,
				6A1FED05235DA2DC00198533 /* uEAT ManagerTests */,
				6A1FED10235DA2DC00198533 /* uEAT ManagerUITests */,
				6A1FECED235DA2D900198533 /* Products */,
				AD404832DC8932A237E5367E /* Pods */,
				BA5DAE42C11EAD5841FAA869 /* Frameworks */,
			);
			sourceTree = "<group>";
		};
		6A1FECED235DA2D900198533 /* Products */ = {
			isa = PBXGroup;
			children = (
				6A1FECEC235DA2D900198533 /* uEAT Manager.app */,
				6A1FED02235DA2DC00198533 /* uEAT ManagerTests.xctest */,
				6A1FED0D235DA2DC00198533 /* uEAT ManagerUITests.xctest */,
			);
			name = Products;
			sourceTree = "<group>";
		};
		6A1FECEE235DA2D900198533 /* uEAT Manager */ = {
			isa = PBXGroup;
			children = (
				6A8F100E23890F3A003E87BE /* DataService */,
				6A8F10012387C5A2003E87BE /* Map */,
				6A8F0FFD238788A4003E87BE /* Start process VC */,
				6A8F0FDC23862E7A003E87BE /* ModView */,
				6A8F0FDB23862E67003E87BE /* SwiftLoader */,
				6A8F0FDA23862E56003E87BE /* Constant */,
				6A8F0FD7238625DC003E87BE /* Delegate */,
				6A8F0FD6238625BB003E87BE /* Storyboard */,
				6A8F0FD42383C5C3003E87BE /* Google plist */,
				6A1FECFD235DA2DB00198533 /* Info.plist */,
				6A1FECF8235DA2DB00198533 /* Assets.xcassets */,
			);
			path = "uEAT Manager";
			sourceTree = "<group>";
		};
		6A1FED05235DA2DC00198533 /* uEAT ManagerTests */ = {
			isa = PBXGroup;
			children = (
				6A1FED06235DA2DC00198533 /* uEAT_ManagerTests.swift */,
				6A1FED08235DA2DC00198533 /* Info.plist */,
			);
			path = "uEAT ManagerTests";
			sourceTree = "<group>";
		};
		6A1FED10235DA2DC00198533 /* uEAT ManagerUITests */ = {
			isa = PBXGroup;
			children = (
				6A1FED11235DA2DC00198533 /* uEAT_ManagerUITests.swift */,
				6A1FED13235DA2DC00198533 /* Info.plist */,
			);
			path = "uEAT ManagerUITests";
			sourceTree = "<group>";
		};
		6A8F0FD42383C5C3003E87BE /* Google plist */ = {
			isa = PBXGroup;
			children = (
				6A8F0FD12383C378003E87BE /* GoogleService-Info.plist */,
			);
			path = "Google plist";
			sourceTree = "<group>";
		};
		6A8F0FD6238625BB003E87BE /* Storyboard */ = {
			isa = PBXGroup;
			children = (
				6A1FECF5235DA2D900198533 /* Main.storyboard */,
				6A1FECFA235DA2DB00198533 /* LaunchScreen.storyboard */,
			);
			path = Storyboard;
			sourceTree = "<group>";
		};
		6A8F0FD7238625DC003E87BE /* Delegate */ = {
			isa = PBXGroup;
			children = (
				6A1FECEF235DA2D900198533 /* AppDelegate.swift */,
				6A1FECF1235DA2D900198533 /* SceneDelegate.swift */,
			);
			path = Delegate;
			sourceTree = "<group>";
		};
		6A8F0FDA23862E56003E87BE /* Constant */ = {
			isa = PBXGroup;
			children = (
				6A8F0FFB2386301A003E87BE /* Constant.swift */,
			);
			path = Constant;
			sourceTree = "<group>";
		};
		6A8F0FDB23862E67003E87BE /* SwiftLoader */ = {
			isa = PBXGroup;
			children = (
				6A8F0FF923863009003E87BE /* SwiftLoader.swift */,
			);
			path = SwiftLoader;
			sourceTree = "<group>";
		};
		6A8F0FDC23862E7A003E87BE /* ModView */ = {
			isa = PBXGroup;
			children = (
				6A8F0FE723862FDB003E87BE /* CustomLabel.swift */,
				6A8F0FE523862FD7003E87BE /* CommentTxtView.swift */,
				6A8F0FDF23862FC9003E87BE /* borderAvatarView.swift */,
				6A8F0FEF23862FEA003E87BE /* ModifiedSearchBar.swift */,
				6A8F0FF123862FEE003E87BE /* modTxtField.swift */,
				6A8F0FED23862FE6003E87BE /* modifiedChooseCarView.swift */,
				6A8F0FEB23862FE3003E87BE /* fancyBtn.swift */,
				6A8F0FF523862FF5003E87BE /* RoundedLabel.swift */,
				6A8F0FE123862FCD003E87BE /* circleView.swift */,
				6A8F0FF323862FF2003E87BE /* ProfileView.swift */,
				6A8F0FF723862FF9003E87BE /* windowInfo.swift */,
				6A8F0FE923862FDF003E87BE /* defaultCardView.swift */,
				6A8F0FE323862FD3003E87BE /* Color.swift */,
				6A8F0FDD23862FC4003E87BE /* avatarImgRendered.swift */,
			);
			path = ModView;
			sourceTree = "<group>";
		};
		6A8F0FFD238788A4003E87BE /* Start process VC */ = {
			isa = PBXGroup;
			children = (
				6A8F1016238B6683003E87BE /* MenuVC */,
				6A8F1011238A25B3003E87BE /* SignIn */,
				6A8F100923890C59003E87BE /* CuisineCell */,
				6A8F100823890C56003E87BE /* Cuisine Model */,
				6A8F0FFE23878961003E87BE /* SignUp */,
				6A1FECF3235DA2D900198533 /* startVC.swift */,
			);
			path = "Start process VC";
			sourceTree = "<group>";
		};
		6A8F0FFE23878961003E87BE /* SignUp */ = {
			isa = PBXGroup;
			children = (
				6A8F0FFF2387897F003E87BE /* SignUp1VC.swift */,
				6A8F1006238909DA003E87BE /* SignUp2VC.swift */,
				6A8F10042387CBCC003E87BE /* SignUp3VC.swift */,
			);
			path = SignUp;
			sourceTree = "<group>";
		};
		6A8F10012387C5A2003E87BE /* Map */ = {
			isa = PBXGroup;
			children = (
				6A8F10022387C5B5003E87BE /* customizedMap.json */,
			);
			path = Map;
			sourceTree = "<group>";
		};
		6A8F100823890C56003E87BE /* Cuisine Model */ = {
			isa = PBXGroup;
			children = (
				6A8F100A23890E89003E87BE /* Cuisine_model.swift */,
			);
			path = "Cuisine Model";
			sourceTree = "<group>";
		};
		6A8F100923890C59003E87BE /* CuisineCell */ = {
			isa = PBXGroup;
			children = (
				6A8F100C23890EB5003E87BE /* cuisineCell.swift */,
			);
			path = CuisineCell;
			sourceTree = "<group>";
		};
		6A8F100E23890F3A003E87BE /* DataService */ = {
			isa = PBXGroup;
			children = (
				6A8F100F23890F50003E87BE /* DataService.swift */,
			);
			path = DataService;
			sourceTree = "<group>";
		};
		6A8F1011238A25B3003E87BE /* SignIn */ = {
			isa = PBXGroup;
			children = (
				6A8F1012238A25D7003E87BE /* SignInVC.swift */,
				6A8F1014238B4792003E87BE /* TwoFactorAuthenticationVC.swift */,
			);
			path = SignIn;
			sourceTree = "<group>";
		};
		6A8F1016238B6683003E87BE /* MenuVC */ = {
			isa = PBXGroup;
			children = (
				6A8F101C238B6D17003E87BE /* ItemCell */,
				6A8F1019238B6C09003E87BE /* addNewItemCell */,
				6A8F1017238B6699003E87BE /* CreateMenuVC.swift */,
				6A8F101F238BB677003E87BE /* DetailVC.swift */,
			);
			path = MenuVC;
			sourceTree = "<group>";
		};
		6A8F1019238B6C09003E87BE /* addNewItemCell */ = {
			isa = PBXGroup;
			children = (
				6A8F101A238B6C40003E87BE /* addNewItemCell.swift */,
			);
			path = addNewItemCell;
			sourceTree = "<group>";
		};
		6A8F101C238B6D17003E87BE /* ItemCell */ = {
			isa = PBXGroup;
			children = (
				6A8F101D238B6D24003E87BE /* ItemCell.swift */,
			);
			path = ItemCell;
			sourceTree = "<group>";
		};
		AD404832DC8932A237E5367E /* Pods */ = {
			isa = PBXGroup;
			children = (
				830E73038B60C68A6731F738 /* Pods-uEAT Manager.debug.xcconfig */,
				16123025A67D88CD877D1072 /* Pods-uEAT Manager.release.xcconfig */,
				3FEF1EE9C791E3D9ADC6AEEA /* Pods-uEAT Manager-uEAT ManagerUITests.debug.xcconfig */,
				59AF29B07758F662C5057473 /* Pods-uEAT Manager-uEAT ManagerUITests.release.xcconfig */,
				BBF6474B8FFCBB5884249984 /* Pods-uEAT ManagerTests.debug.xcconfig */,
				C0597FBCBBB13BB68EDC659B /* Pods-uEAT ManagerTests.release.xcconfig */,
			);
			path = Pods;
			sourceTree = "<group>";
		};
		BA5DAE42C11EAD5841FAA869 /* Frameworks */ = {
			isa = PBXGroup;
			children = (
				4789DE02EF3366FF783A8FD4 /* Pods_uEAT_Manager.framework */,
				1C38AA121B042926C4733A20 /* Pods_uEAT_Manager_uEAT_ManagerUITests.framework */,
				6F479E9B8470635B04F15C67 /* Pods_uEAT_ManagerTests.framework */,
			);
			name = Frameworks;
			sourceTree = "<group>";
		};
/* End PBXGroup section */

/* Begin PBXNativeTarget section */
		6A1FECEB235DA2D900198533 /* uEAT Manager */ = {
			isa = PBXNativeTarget;
			buildConfigurationList = 6A1FED16235DA2DC00198533 /* Build configuration list for PBXNativeTarget "uEAT Manager" */;
			buildPhases = (
				CA29A0A1B396AB0626F228FC /* [CP] Check Pods Manifest.lock */,
				6A1FECE8235DA2D900198533 /* Sources */,
				6A1FECE9235DA2D900198533 /* Frameworks */,
				6A1FECEA235DA2D900198533 /* Resources */,
				8CE8CADEA10DDB409C30A1C4 /* [CP] Embed Pods Frameworks */,
				5A862935380BE047278D34A4 /* [CP] Copy Pods Resources */,
			);
			buildRules = (
			);
			dependencies = (
			);
			name = "uEAT Manager";
			productName = "uEAT Manager";
			productReference = 6A1FECEC235DA2D900198533 /* uEAT Manager.app */;
			productType = "com.apple.product-type.application";
		};
		6A1FED01235DA2DC00198533 /* uEAT ManagerTests */ = {
			isa = PBXNativeTarget;
			buildConfigurationList = 6A1FED19235DA2DC00198533 /* Build configuration list for PBXNativeTarget "uEAT ManagerTests" */;
			buildPhases = (
				59464A0189CC2EF2CC9B7917 /* [CP] Check Pods Manifest.lock */,
				6A1FECFE235DA2DC00198533 /* Sources */,
				6A1FECFF235DA2DC00198533 /* Frameworks */,
				6A1FED00235DA2DC00198533 /* Resources */,
			);
			buildRules = (
			);
			dependencies = (
				6A1FED04235DA2DC00198533 /* PBXTargetDependency */,
			);
			name = "uEAT ManagerTests";
			productName = "uEAT ManagerTests";
			productReference = 6A1FED02235DA2DC00198533 /* uEAT ManagerTests.xctest */;
			productType = "com.apple.product-type.bundle.unit-test";
		};
		6A1FED0C235DA2DC00198533 /* uEAT ManagerUITests */ = {
			isa = PBXNativeTarget;
			buildConfigurationList = 6A1FED1C235DA2DC00198533 /* Build configuration list for PBXNativeTarget "uEAT ManagerUITests" */;
			buildPhases = (
				BEDF86989528141592D7F913 /* [CP] Check Pods Manifest.lock */,
				6A1FED09235DA2DC00198533 /* Sources */,
				6A1FED0A235DA2DC00198533 /* Frameworks */,
				6A1FED0B235DA2DC00198533 /* Resources */,
				71170B9A271C09CF8FAFBD7C /* [CP] Embed Pods Frameworks */,
				562A2A80CBC12F8E94C01E0C /* [CP] Copy Pods Resources */,
			);
			buildRules = (
			);
			dependencies = (
				6A1FED0F235DA2DC00198533 /* PBXTargetDependency */,
			);
			name = "uEAT ManagerUITests";
			productName = "uEAT ManagerUITests";
			productReference = 6A1FED0D235DA2DC00198533 /* uEAT ManagerUITests.xctest */;
			productType = "com.apple.product-type.bundle.ui-testing";
		};
/* End PBXNativeTarget section */

/* Begin PBXProject section */
		6A1FECE4235DA2D900198533 /* Project object */ = {
			isa = PBXProject;
			attributes = {
				LastSwiftUpdateCheck = 1110;
				LastUpgradeCheck = 1110;
				ORGANIZATIONNAME = "Khoi Nguyen";
				TargetAttributes = {
					6A1FECEB235DA2D900198533 = {
						CreatedOnToolsVersion = 11.1;
					};
					6A1FED01235DA2DC00198533 = {
						CreatedOnToolsVersion = 11.1;
						TestTargetID = 6A1FECEB235DA2D900198533;
					};
					6A1FED0C235DA2DC00198533 = {
						CreatedOnToolsVersion = 11.1;
						TestTargetID = 6A1FECEB235DA2D900198533;
					};
				};
			};
			buildConfigurationList = 6A1FECE7235DA2D900198533 /* Build configuration list for PBXProject "uEAT Manager" */;
			compatibilityVersion = "Xcode 9.3";
			developmentRegion = en;
			hasScannedForEncodings = 0;
			knownRegions = (
				en,
				Base,
			);
			mainGroup = 6A1FECE3235DA2D900198533;
			productRefGroup = 6A1FECED235DA2D900198533 /* Products */;
			projectDirPath = "";
			projectRoot = "";
			targets = (
				6A1FECEB235DA2D900198533 /* uEAT Manager */,
				6A1FED01235DA2DC00198533 /* uEAT ManagerTests */,
				6A1FED0C235DA2DC00198533 /* uEAT ManagerUITests */,
			);
		};
/* End PBXProject section */

/* Begin PBXResourcesBuildPhase section */
		6A1FECEA235DA2D900198533 /* Resources */ = {
			isa = PBXResourcesBuildPhase;
			buildActionMask = 2147483647;
			files = (
				6A1FECFC235DA2DB00198533 /* LaunchScreen.storyboard in Resources */,
				6A8F10032387C5B5003E87BE /* customizedMap.json in Resources */,
				6A1FECF9235DA2DB00198533 /* Assets.xcassets in Resources */,
				6A1FECF7235DA2D900198533 /* Main.storyboard in Resources */,
				6A8F0FD22383C378003E87BE /* GoogleService-Info.plist in Resources */,
			);
			runOnlyForDeploymentPostprocessing = 0;
		};
		6A1FED00235DA2DC00198533 /* Resources */ = {
			isa = PBXResourcesBuildPhase;
			buildActionMask = 2147483647;
			files = (
			);
			runOnlyForDeploymentPostprocessing = 0;
		};
		6A1FED0B235DA2DC00198533 /* Resources */ = {
			isa = PBXResourcesBuildPhase;
			buildActionMask = 2147483647;
			files = (
			);
			runOnlyForDeploymentPostprocessing = 0;
		};
/* End PBXResourcesBuildPhase section */

/* Begin PBXShellScriptBuildPhase section */
		562A2A80CBC12F8E94C01E0C /* [CP] Copy Pods Resources */ = {
			isa = PBXShellScriptBuildPhase;
			buildActionMask = 2147483647;
			files = (
			);
			inputFileListPaths = (
				"${PODS_ROOT}/Target Support Files/Pods-uEAT Manager-uEAT ManagerUITests/Pods-uEAT Manager-uEAT ManagerUITests-resources-${CONFIGURATION}-input-files.xcfilelist",
			);
			name = "[CP] Copy Pods Resources";
			outputFileListPaths = (
				"${PODS_ROOT}/Target Support Files/Pods-uEAT Manager-uEAT ManagerUITests/Pods-uEAT Manager-uEAT ManagerUITests-resources-${CONFIGURATION}-output-files.xcfilelist",
			);
			runOnlyForDeploymentPostprocessing = 0;
			shellPath = /bin/sh;
			shellScript = "\"${PODS_ROOT}/Target Support Files/Pods-uEAT Manager-uEAT ManagerUITests/Pods-uEAT Manager-uEAT ManagerUITests-resources.sh\"\n";
			showEnvVarsInLog = 0;
		};
		59464A0189CC2EF2CC9B7917 /* [CP] Check Pods Manifest.lock */ = {
			isa = PBXShellScriptBuildPhase;
			buildActionMask = 2147483647;
			files = (
			);
			inputFileListPaths = (
			);
			inputPaths = (
				"${PODS_PODFILE_DIR_PATH}/Podfile.lock",
				"${PODS_ROOT}/Manifest.lock",
			);
			name = "[CP] Check Pods Manifest.lock";
			outputFileListPaths = (
			);
			outputPaths = (
				"$(DERIVED_FILE_DIR)/Pods-uEAT ManagerTests-checkManifestLockResult.txt",
			);
			runOnlyForDeploymentPostprocessing = 0;
			shellPath = /bin/sh;
			shellScript = "diff \"${PODS_PODFILE_DIR_PATH}/Podfile.lock\" \"${PODS_ROOT}/Manifest.lock\" > /dev/null\nif [ $? != 0 ] ; then\n    # print error to STDERR\n    echo \"error: The sandbox is not in sync with the Podfile.lock. Run 'pod install' or update your CocoaPods installation.\" >&2\n    exit 1\nfi\n# This output is used by Xcode 'outputs' to avoid re-running this script phase.\necho \"SUCCESS\" > \"${SCRIPT_OUTPUT_FILE_0}\"\n";
			showEnvVarsInLog = 0;
		};
		5A862935380BE047278D34A4 /* [CP] Copy Pods Resources */ = {
			isa = PBXShellScriptBuildPhase;
			buildActionMask = 2147483647;
			files = (
			);
			inputFileListPaths = (
				"${PODS_ROOT}/Target Support Files/Pods-uEAT Manager/Pods-uEAT Manager-resources-${CONFIGURATION}-input-files.xcfilelist",
			);
			name = "[CP] Copy Pods Resources";
			outputFileListPaths = (
				"${PODS_ROOT}/Target Support Files/Pods-uEAT Manager/Pods-uEAT Manager-resources-${CONFIGURATION}-output-files.xcfilelist",
			);
			runOnlyForDeploymentPostprocessing = 0;
			shellPath = /bin/sh;
			shellScript = "\"${PODS_ROOT}/Target Support Files/Pods-uEAT Manager/Pods-uEAT Manager-resources.sh\"\n";
			showEnvVarsInLog = 0;
		};
		71170B9A271C09CF8FAFBD7C /* [CP] Embed Pods Frameworks */ = {
			isa = PBXShellScriptBuildPhase;
			buildActionMask = 2147483647;
			files = (
			);
			inputFileListPaths = (
				"${PODS_ROOT}/Target Support Files/Pods-uEAT Manager-uEAT ManagerUITests/Pods-uEAT Manager-uEAT ManagerUITests-frameworks-${CONFIGURATION}-input-files.xcfilelist",
			);
			name = "[CP] Embed Pods Frameworks";
			outputFileListPaths = (
				"${PODS_ROOT}/Target Support Files/Pods-uEAT Manager-uEAT ManagerUITests/Pods-uEAT Manager-uEAT ManagerUITests-frameworks-${CONFIGURATION}-output-files.xcfilelist",
			);
			runOnlyForDeploymentPostprocessing = 0;
			shellPath = /bin/sh;
			shellScript = "\"${PODS_ROOT}/Target Support Files/Pods-uEAT Manager-uEAT ManagerUITests/Pods-uEAT Manager-uEAT ManagerUITests-frameworks.sh\"\n";
			showEnvVarsInLog = 0;
		};
		8CE8CADEA10DDB409C30A1C4 /* [CP] Embed Pods Frameworks */ = {
			isa = PBXShellScriptBuildPhase;
			buildActionMask = 2147483647;
			files = (
			);
			inputFileListPaths = (
				"${PODS_ROOT}/Target Support Files/Pods-uEAT Manager/Pods-uEAT Manager-frameworks-${CONFIGURATION}-input-files.xcfilelist",
			);
			name = "[CP] Embed Pods Frameworks";
			outputFileListPaths = (
				"${PODS_ROOT}/Target Support Files/Pods-uEAT Manager/Pods-uEAT Manager-frameworks-${CONFIGURATION}-output-files.xcfilelist",
			);
			runOnlyForDeploymentPostprocessing = 0;
			shellPath = /bin/sh;
			shellScript = "\"${PODS_ROOT}/Target Support Files/Pods-uEAT Manager/Pods-uEAT Manager-frameworks.sh\"\n";
			showEnvVarsInLog = 0;
		};
		BEDF86989528141592D7F913 /* [CP] Check Pods Manifest.lock */ = {
			isa = PBXShellScriptBuildPhase;
			buildActionMask = 2147483647;
			files = (
			);
			inputFileListPaths = (
			);
			inputPaths = (
				"${PODS_PODFILE_DIR_PATH}/Podfile.lock",
				"${PODS_ROOT}/Manifest.lock",
			);
			name = "[CP] Check Pods Manifest.lock";
			outputFileListPaths = (
			);
			outputPaths = (
				"$(DERIVED_FILE_DIR)/Pods-uEAT Manager-uEAT ManagerUITests-checkManifestLockResult.txt",
			);
			runOnlyForDeploymentPostprocessing = 0;
			shellPath = /bin/sh;
			shellScript = "diff \"${PODS_PODFILE_DIR_PATH}/Podfile.lock\" \"${PODS_ROOT}/Manifest.lock\" > /dev/null\nif [ $? != 0 ] ; then\n    # print error to STDERR\n    echo \"error: The sandbox is not in sync with the Podfile.lock. Run 'pod install' or update your CocoaPods installation.\" >&2\n    exit 1\nfi\n# This output is used by Xcode 'outputs' to avoid re-running this script phase.\necho \"SUCCESS\" > \"${SCRIPT_OUTPUT_FILE_0}\"\n";
			showEnvVarsInLog = 0;
		};
		CA29A0A1B396AB0626F228FC /* [CP] Check Pods Manifest.lock */ = {
			isa = PBXShellScriptBuildPhase;
			buildActionMask = 2147483647;
			files = (
			);
			inputFileListPaths = (
			);
			inputPaths = (
				"${PODS_PODFILE_DIR_PATH}/Podfile.lock",
				"${PODS_ROOT}/Manifest.lock",
			);
			name = "[CP] Check Pods Manifest.lock";
			outputFileListPaths = (
			);
			outputPaths = (
				"$(DERIVED_FILE_DIR)/Pods-uEAT Manager-checkManifestLockResult.txt",
			);
			runOnlyForDeploymentPostprocessing = 0;
			shellPath = /bin/sh;
			shellScript = "diff \"${PODS_PODFILE_DIR_PATH}/Podfile.lock\" \"${PODS_ROOT}/Manifest.lock\" > /dev/null\nif [ $? != 0 ] ; then\n    # print error to STDERR\n    echo \"error: The sandbox is not in sync with the Podfile.lock. Run 'pod install' or update your CocoaPods installation.\" >&2\n    exit 1\nfi\n# This output is used by Xcode 'outputs' to avoid re-running this script phase.\necho \"SUCCESS\" > \"${SCRIPT_OUTPUT_FILE_0}\"\n";
			showEnvVarsInLog = 0;
		};
/* End PBXShellScriptBuildPhase section */

/* Begin PBXSourcesBuildPhase section */
		6A1FECE8235DA2D900198533 /* Sources */ = {
			isa = PBXSourcesBuildPhase;
			buildActionMask = 2147483647;
			files = (
				6A8F0FFA23863009003E87BE /* SwiftLoader.swift in Sources */,
				6A8F0FE023862FC9003E87BE /* borderAvatarView.swift in Sources */,
				6A8F0FE823862FDB003E87BE /* CustomLabel.swift in Sources */,
				6A8F1015238B4792003E87BE /* TwoFactorAuthenticationVC.swift in Sources */,
				6A8F0FF223862FEE003E87BE /* modTxtField.swift in Sources */,
				6A8F101023890F50003E87BE /* DataService.swift in Sources */,
				6A1FECF4235DA2D900198533 /* startVC.swift in Sources */,
				6A8F0FF023862FEA003E87BE /* ModifiedSearchBar.swift in Sources */,
				6A8F0FE423862FD3003E87BE /* Color.swift in Sources */,
				6A8F0FEA23862FDF003E87BE /* defaultCardView.swift in Sources */,
				6A8F0FFC2386301A003E87BE /* Constant.swift in Sources */,
				6A8F0FF423862FF2003E87BE /* ProfileView.swift in Sources */,
				6A8F0FF823862FF9003E87BE /* windowInfo.swift in Sources */,
				6A1FECF0235DA2D900198533 /* AppDelegate.swift in Sources */,
				6A8F1020238BB677003E87BE /* DetailVC.swift in Sources */,
				6A8F101E238B6D24003E87BE /* ItemCell.swift in Sources */,
				6A1FECF2235DA2D900198533 /* SceneDelegate.swift in Sources */,
				6A8F0FE623862FD7003E87BE /* CommentTxtView.swift in Sources */,
				6A8F0FE223862FCD003E87BE /* circleView.swift in Sources */,
				6A8F0FEE23862FE6003E87BE /* modifiedChooseCarView.swift in Sources */,
				6A8F0FEC23862FE3003E87BE /* fancyBtn.swift in Sources */,
				6A8F1013238A25D7003E87BE /* SignInVC.swift in Sources */,
				6A8F101B238B6C40003E87BE /* addNewItemCell.swift in Sources */,
				6A8F0FF623862FF5003E87BE /* RoundedLabel.swift in Sources */,
				6A8F10002387897F003E87BE /* SignUp1VC.swift in Sources */,
				6A8F10052387CBCC003E87BE /* SignUp3VC.swift in Sources */,
				6A8F1018238B6699003E87BE /* CreateMenuVC.swift in Sources */,
				6A8F100D23890EB5003E87BE /* cuisineCell.swift in Sources */,
				6A8F0FDE23862FC4003E87BE /* avatarImgRendered.swift in Sources */,
				6A8F100B23890E89003E87BE /* Cuisine_model.swift in Sources */,
				6A8F1007238909DA003E87BE /* SignUp2VC.swift in Sources */,
			);
			runOnlyForDeploymentPostprocessing = 0;
		};
		6A1FECFE235DA2DC00198533 /* Sources */ = {
			isa = PBXSourcesBuildPhase;
			buildActionMask = 2147483647;
			files = (
				6A1FED07235DA2DC00198533 /* uEAT_ManagerTests.swift in Sources */,
			);
			runOnlyForDeploymentPostprocessing = 0;
		};
		6A1FED09235DA2DC00198533 /* Sources */ = {
			isa = PBXSourcesBuildPhase;
			buildActionMask = 2147483647;
			files = (
				6A1FED12235DA2DC00198533 /* uEAT_ManagerUITests.swift in Sources */,
			);
			runOnlyForDeploymentPostprocessing = 0;
		};
/* End PBXSourcesBuildPhase section */

/* Begin PBXTargetDependency section */
		6A1FED04235DA2DC00198533 /* PBXTargetDependency */ = {
			isa = PBXTargetDependency;
			target = 6A1FECEB235DA2D900198533 /* uEAT Manager */;
			targetProxy = 6A1FED03235DA2DC00198533 /* PBXContainerItemProxy */;
		};
		6A1FED0F235DA2DC00198533 /* PBXTargetDependency */ = {
			isa = PBXTargetDependency;
			target = 6A1FECEB235DA2D900198533 /* uEAT Manager */;
			targetProxy = 6A1FED0E235DA2DC00198533 /* PBXContainerItemProxy */;
		};
/* End PBXTargetDependency section */

/* Begin PBXVariantGroup section */
		6A1FECF5235DA2D900198533 /* Main.storyboard */ = {
			isa = PBXVariantGroup;
			children = (
				6A1FECF6235DA2D900198533 /* Base */,
			);
			name = Main.storyboard;
			sourceTree = "<group>";
		};
		6A1FECFA235DA2DB00198533 /* LaunchScreen.storyboard */ = {
			isa = PBXVariantGroup;
			children = (
				6A1FECFB235DA2DB00198533 /* Base */,
			);
			name = LaunchScreen.storyboard;
			sourceTree = "<group>";
		};
/* End PBXVariantGroup section */

/* Begin XCBuildConfiguration section */
		6A1FED14235DA2DC00198533 /* Debug */ = {
			isa = XCBuildConfiguration;
			buildSettings = {
				ALWAYS_SEARCH_USER_PATHS = NO;
				CLANG_ANALYZER_NONNULL = YES;
				CLANG_ANALYZER_NUMBER_OBJECT_CONVERSION = YES_AGGRESSIVE;
				CLANG_CXX_LANGUAGE_STANDARD = "gnu++14";
				CLANG_CXX_LIBRARY = "libc++";
				CLANG_ENABLE_MODULES = YES;
				CLANG_ENABLE_OBJC_ARC = YES;
				CLANG_ENABLE_OBJC_WEAK = YES;
				CLANG_WARN_BLOCK_CAPTURE_AUTORELEASING = YES;
				CLANG_WARN_BOOL_CONVERSION = YES;
				CLANG_WARN_COMMA = YES;
				CLANG_WARN_CONSTANT_CONVERSION = YES;
				CLANG_WARN_DEPRECATED_OBJC_IMPLEMENTATIONS = YES;
				CLANG_WARN_DIRECT_OBJC_ISA_USAGE = YES_ERROR;
				CLANG_WARN_DOCUMENTATION_COMMENTS = YES;
				CLANG_WARN_EMPTY_BODY = YES;
				CLANG_WARN_ENUM_CONVERSION = YES;
				CLANG_WARN_INFINITE_RECURSION = YES;
				CLANG_WARN_INT_CONVERSION = YES;
				CLANG_WARN_NON_LITERAL_NULL_CONVERSION = YES;
				CLANG_WARN_OBJC_IMPLICIT_RETAIN_SELF = YES;
				CLANG_WARN_OBJC_LITERAL_CONVERSION = YES;
				CLANG_WARN_OBJC_ROOT_CLASS = YES_ERROR;
				CLANG_WARN_RANGE_LOOP_ANALYSIS = YES;
				CLANG_WARN_STRICT_PROTOTYPES = YES;
				CLANG_WARN_SUSPICIOUS_MOVE = YES;
				CLANG_WARN_UNGUARDED_AVAILABILITY = YES_AGGRESSIVE;
				CLANG_WARN_UNREACHABLE_CODE = YES;
				CLANG_WARN__DUPLICATE_METHOD_MATCH = YES;
				COPY_PHASE_STRIP = NO;
				DEBUG_INFORMATION_FORMAT = dwarf;
				ENABLE_STRICT_OBJC_MSGSEND = YES;
				ENABLE_TESTABILITY = YES;
				GCC_C_LANGUAGE_STANDARD = gnu11;
				GCC_DYNAMIC_NO_PIC = NO;
				GCC_NO_COMMON_BLOCKS = YES;
				GCC_OPTIMIZATION_LEVEL = 0;
				GCC_PREPROCESSOR_DEFINITIONS = (
					"DEBUG=1",
					"$(inherited)",
				);
				GCC_WARN_64_TO_32_BIT_CONVERSION = YES;
				GCC_WARN_ABOUT_RETURN_TYPE = YES_ERROR;
				GCC_WARN_UNDECLARED_SELECTOR = YES;
				GCC_WARN_UNINITIALIZED_AUTOS = YES_AGGRESSIVE;
				GCC_WARN_UNUSED_FUNCTION = YES;
				GCC_WARN_UNUSED_VARIABLE = YES;
				IPHONEOS_DEPLOYMENT_TARGET = 13.1;
				MTL_ENABLE_DEBUG_INFO = INCLUDE_SOURCE;
				MTL_FAST_MATH = YES;
				ONLY_ACTIVE_ARCH = YES;
				SDKROOT = iphoneos;
				SWIFT_ACTIVE_COMPILATION_CONDITIONS = DEBUG;
				SWIFT_OPTIMIZATION_LEVEL = "-Onone";
			};
			name = Debug;
		};
		6A1FED15235DA2DC00198533 /* Release */ = {
			isa = XCBuildConfiguration;
			buildSettings = {
				ALWAYS_SEARCH_USER_PATHS = NO;
				CLANG_ANALYZER_NONNULL = YES;
				CLANG_ANALYZER_NUMBER_OBJECT_CONVERSION = YES_AGGRESSIVE;
				CLANG_CXX_LANGUAGE_STANDARD = "gnu++14";
				CLANG_CXX_LIBRARY = "libc++";
				CLANG_ENABLE_MODULES = YES;
				CLANG_ENABLE_OBJC_ARC = YES;
				CLANG_ENABLE_OBJC_WEAK = YES;
				CLANG_WARN_BLOCK_CAPTURE_AUTORELEASING = YES;
				CLANG_WARN_BOOL_CONVERSION = YES;
				CLANG_WARN_COMMA = YES;
				CLANG_WARN_CONSTANT_CONVERSION = YES;
				CLANG_WARN_DEPRECATED_OBJC_IMPLEMENTATIONS = YES;
				CLANG_WARN_DIRECT_OBJC_ISA_USAGE = YES_ERROR;
				CLANG_WARN_DOCUMENTATION_COMMENTS = YES;
				CLANG_WARN_EMPTY_BODY = YES;
				CLANG_WARN_ENUM_CONVERSION = YES;
				CLANG_WARN_INFINITE_RECURSION = YES;
				CLANG_WARN_INT_CONVERSION = YES;
				CLANG_WARN_NON_LITERAL_NULL_CONVERSION = YES;
				CLANG_WARN_OBJC_IMPLICIT_RETAIN_SELF = YES;
				CLANG_WARN_OBJC_LITERAL_CONVERSION = YES;
				CLANG_WARN_OBJC_ROOT_CLASS = YES_ERROR;
				CLANG_WARN_RANGE_LOOP_ANALYSIS = YES;
				CLANG_WARN_STRICT_PROTOTYPES = YES;
				CLANG_WARN_SUSPICIOUS_MOVE = YES;
				CLANG_WARN_UNGUARDED_AVAILABILITY = YES_AGGRESSIVE;
				CLANG_WARN_UNREACHABLE_CODE = YES;
				CLANG_WARN__DUPLICATE_METHOD_MATCH = YES;
				COPY_PHASE_STRIP = NO;
				DEBUG_INFORMATION_FORMAT = "dwarf-with-dsym";
				ENABLE_NS_ASSERTIONS = NO;
				ENABLE_STRICT_OBJC_MSGSEND = YES;
				GCC_C_LANGUAGE_STANDARD = gnu11;
				GCC_NO_COMMON_BLOCKS = YES;
				GCC_WARN_64_TO_32_BIT_CONVERSION = YES;
				GCC_WARN_ABOUT_RETURN_TYPE = YES_ERROR;
				GCC_WARN_UNDECLARED_SELECTOR = YES;
				GCC_WARN_UNINITIALIZED_AUTOS = YES_AGGRESSIVE;
				GCC_WARN_UNUSED_FUNCTION = YES;
				GCC_WARN_UNUSED_VARIABLE = YES;
				IPHONEOS_DEPLOYMENT_TARGET = 13.1;
				MTL_ENABLE_DEBUG_INFO = NO;
				MTL_FAST_MATH = YES;
				SDKROOT = iphoneos;
				SWIFT_COMPILATION_MODE = wholemodule;
				SWIFT_OPTIMIZATION_LEVEL = "-O";
				VALIDATE_PRODUCT = YES;
			};
			name = Release;
		};
		6A1FED17235DA2DC00198533 /* Debug */ = {
			isa = XCBuildConfiguration;
			baseConfigurationReference = 830E73038B60C68A6731F738 /* Pods-uEAT Manager.debug.xcconfig */;
			buildSettings = {
				ASSETCATALOG_COMPILER_APPICON_NAME = AppIcon;
				CODE_SIGN_STYLE = Automatic;
				DEVELOPMENT_TEAM = LXVXS9V5X7;
				INFOPLIST_FILE = "uEAT Manager/Info.plist";
				LD_RUNPATH_SEARCH_PATHS = (
					"$(inherited)",
					"@executable_path/Frameworks",
				);
				PRODUCT_BUNDLE_IDENTIFIER = uEAT.Manager.CC.LLC.uEATManager;
				PRODUCT_NAME = "$(TARGET_NAME)";
				SWIFT_VERSION = 5.0;
				TARGETED_DEVICE_FAMILY = 1;
			};
			name = Debug;
		};
		6A1FED18235DA2DC00198533 /* Release */ = {
			isa = XCBuildConfiguration;
			baseConfigurationReference = 16123025A67D88CD877D1072 /* Pods-uEAT Manager.release.xcconfig */;
			buildSettings = {
				ASSETCATALOG_COMPILER_APPICON_NAME = AppIcon;
				CODE_SIGN_STYLE = Automatic;
				DEVELOPMENT_TEAM = LXVXS9V5X7;
				INFOPLIST_FILE = "uEAT Manager/Info.plist";
				LD_RUNPATH_SEARCH_PATHS = (
					"$(inherited)",
					"@executable_path/Frameworks",
				);
				PRODUCT_BUNDLE_IDENTIFIER = uEAT.Manager.CC.LLC.uEATManager;
				PRODUCT_NAME = "$(TARGET_NAME)";
				SWIFT_VERSION = 5.0;
				TARGETED_DEVICE_FAMILY = 1;
			};
			name = Release;
		};
		6A1FED1A235DA2DC00198533 /* Debug */ = {
			isa = XCBuildConfiguration;
			baseConfigurationReference = BBF6474B8FFCBB5884249984 /* Pods-uEAT ManagerTests.debug.xcconfig */;
			buildSettings = {
				ALWAYS_EMBED_SWIFT_STANDARD_LIBRARIES = YES;
				BUNDLE_LOADER = "$(TEST_HOST)";
				CODE_SIGN_STYLE = Automatic;
				DEVELOPMENT_TEAM = LXVXS9V5X7;
				INFOPLIST_FILE = "uEAT ManagerTests/Info.plist";
				IPHONEOS_DEPLOYMENT_TARGET = 13.1;
				LD_RUNPATH_SEARCH_PATHS = (
					"$(inherited)",
					"@executable_path/Frameworks",
					"@loader_path/Frameworks",
				);
				PRODUCT_BUNDLE_IDENTIFIER = "uEAT.Manager.CC.LLC.uEAT-ManagerTests";
				PRODUCT_NAME = "$(TARGET_NAME)";
				SWIFT_VERSION = 5.0;
				TARGETED_DEVICE_FAMILY = "1,2";
				TEST_HOST = "$(BUILT_PRODUCTS_DIR)/uEAT Manager.app/uEAT Manager";
			};
			name = Debug;
		};
		6A1FED1B235DA2DC00198533 /* Release */ = {
			isa = XCBuildConfiguration;
			baseConfigurationReference = C0597FBCBBB13BB68EDC659B /* Pods-uEAT ManagerTests.release.xcconfig */;
			buildSettings = {
				ALWAYS_EMBED_SWIFT_STANDARD_LIBRARIES = YES;
				BUNDLE_LOADER = "$(TEST_HOST)";
				CODE_SIGN_STYLE = Automatic;
				DEVELOPMENT_TEAM = LXVXS9V5X7;
				INFOPLIST_FILE = "uEAT ManagerTests/Info.plist";
				IPHONEOS_DEPLOYMENT_TARGET = 13.1;
				LD_RUNPATH_SEARCH_PATHS = (
					"$(inherited)",
					"@executable_path/Frameworks",
					"@loader_path/Frameworks",
				);
				PRODUCT_BUNDLE_IDENTIFIER = "uEAT.Manager.CC.LLC.uEAT-ManagerTests";
				PRODUCT_NAME = "$(TARGET_NAME)";
				SWIFT_VERSION = 5.0;
				TARGETED_DEVICE_FAMILY = "1,2";
				TEST_HOST = "$(BUILT_PRODUCTS_DIR)/uEAT Manager.app/uEAT Manager";
			};
			name = Release;
		};
		6A1FED1D235DA2DC00198533 /* Debug */ = {
			isa = XCBuildConfiguration;
			baseConfigurationReference = 3FEF1EE9C791E3D9ADC6AEEA /* Pods-uEAT Manager-uEAT ManagerUITests.debug.xcconfig */;
			buildSettings = {
				ALWAYS_EMBED_SWIFT_STANDARD_LIBRARIES = YES;
				CODE_SIGN_STYLE = Automatic;
				DEVELOPMENT_TEAM = LXVXS9V5X7;
				INFOPLIST_FILE = "uEAT ManagerUITests/Info.plist";
				LD_RUNPATH_SEARCH_PATHS = (
					"$(inherited)",
					"@executable_path/Frameworks",
					"@loader_path/Frameworks",
				);
				PRODUCT_BUNDLE_IDENTIFIER = "uEAT.Manager.CC.LLC.uEAT-ManagerUITests";
				PRODUCT_NAME = "$(TARGET_NAME)";
				SWIFT_VERSION = 5.0;
				TARGETED_DEVICE_FAMILY = "1,2";
				TEST_TARGET_NAME = "uEAT Manager";
			};
			name = Debug;
		};
		6A1FED1E235DA2DC00198533 /* Release */ = {
			isa = XCBuildConfiguration;
			baseConfigurationReference = 59AF29B07758F662C5057473 /* Pods-uEAT Manager-uEAT ManagerUITests.release.xcconfig */;
			buildSettings = {
				ALWAYS_EMBED_SWIFT_STANDARD_LIBRARIES = YES;
				CODE_SIGN_STYLE = Automatic;
				DEVELOPMENT_TEAM = LXVXS9V5X7;
				INFOPLIST_FILE = "uEAT ManagerUITests/Info.plist";
				LD_RUNPATH_SEARCH_PATHS = (
					"$(inherited)",
					"@executable_path/Frameworks",
					"@loader_path/Frameworks",
				);
				PRODUCT_BUNDLE_IDENTIFIER = "uEAT.Manager.CC.LLC.uEAT-ManagerUITests";
				PRODUCT_NAME = "$(TARGET_NAME)";
				SWIFT_VERSION = 5.0;
				TARGETED_DEVICE_FAMILY = "1,2";
				TEST_TARGET_NAME = "uEAT Manager";
			};
			name = Release;
		};
/* End XCBuildConfiguration section */

/* Begin XCConfigurationList section */
		6A1FECE7235DA2D900198533 /* Build configuration list for PBXProject "uEAT Manager" */ = {
			isa = XCConfigurationList;
			buildConfigurations = (
				6A1FED14235DA2DC00198533 /* Debug */,
				6A1FED15235DA2DC00198533 /* Release */,
			);
			defaultConfigurationIsVisible = 0;
			defaultConfigurationName = Release;
		};
		6A1FED16235DA2DC00198533 /* Build configuration list for PBXNativeTarget "uEAT Manager" */ = {
			isa = XCConfigurationList;
			buildConfigurations = (
				6A1FED17235DA2DC00198533 /* Debug */,
				6A1FED18235DA2DC00198533 /* Release */,
			);
			defaultConfigurationIsVisible = 0;
			defaultConfigurationName = Release;
		};
		6A1FED19235DA2DC00198533 /* Build configuration list for PBXNativeTarget "uEAT ManagerTests" */ = {
			isa = XCConfigurationList;
			buildConfigurations = (
				6A1FED1A235DA2DC00198533 /* Debug */,
				6A1FED1B235DA2DC00198533 /* Release */,
			);
			defaultConfigurationIsVisible = 0;
			defaultConfigurationName = Release;
		};
		6A1FED1C235DA2DC00198533 /* Build configuration list for PBXNativeTarget "uEAT ManagerUITests" */ = {
			isa = XCConfigurationList;
			buildConfigurations = (
				6A1FED1D235DA2DC00198533 /* Debug */,
				6A1FED1E235DA2DC00198533 /* Release */,
			);
			defaultConfigurationIsVisible = 0;
			defaultConfigurationName = Release;
		};
/* End XCConfigurationList section */
	};
	rootObject = 6A1FECE4235DA2D900198533 /* Project object */;
}
